
Microsoft Visual Studio Solution File, Format Version 12.00
# Visual Studio Version 17
VisualStudioVersion = 17.3.32819.101
MinimumVisualStudioVersion = 10.0.40219.1
Project("{FAE04EC0-301F-11D3-BF4B-00C04F79EFBC}") = "MVCPassGenerator", "MVCPassGenerator\MVCPassGenerator.csproj", "{9B70911A-87D9-44FE-B51E-871D0B94B27C}"
EndProject
Global
	GlobalSection(SolutionConfigurationPlatforms) = preSolution
		Debug|Any CPU = Debug|Any CPU
		Release|Any CPU = Release|Any CPU
	EndGlobalSection
	GlobalSection(ProjectConfigurationPlatforms) = postSolution
		{9B70911A-87D9-44FE-B51E-871D0B94B27C}.Debug|Any CPU.ActiveCfg = Debug|Any CPU
		{9B70911A-87D9-44FE-B51E-871D0B94B27C}.Debug|Any CPU.Build.0 = Debug|Any CPU
		{9B70911A-87D9-44FE-B51E-871D0B94B27C}.Release|Any CPU.ActiveCfg = Release|Any CPU
		{9B70911A-87D9-44FE-B51E-871D0B94B27C}.Release|Any CPU.Build.0 = Release|Any CPU
	EndGlobalSection
	GlobalSection(SolutionProperties) = preSolution
		HideSolutionNode = FALSE
	EndGlobalSection
	GlobalSection(ExtensibilityGlobals) = postSolution
		SolutionGuid = {FD6919E1-AF08-4330-931A-4726BACE8432}
	EndGlobalSection
EndGlobal
